
Microsoft Visual Studio Solution File, Format Version 12.00
# Visual Studio Version 17
VisualStudioVersion = 17.9.34728.123
MinimumVisualStudioVersion = 10.0.40219.1
Project("{FAE04EC0-301F-11D3-BF4B-00C04F79EFBC}") = "RockPaperScissorsAPI", "RockPaperScissorsAPI\RockPaperScissorsAPI.csproj", "{EBEE5FBD-9D00-4E92-9A40-9448EC65EEFD}"
EndProject
Global
	GlobalSection(SolutionConfigurationPlatforms) = preSolution
		Debug|Any CPU = Debug|Any CPU
		Release|Any CPU = Release|Any CPU
	EndGlobalSection
	GlobalSection(ProjectConfigurationPlatforms) = postSolution
		{EBEE5FBD-9D00-4E92-9A40-9448EC65EEFD}.Debug|Any CPU.ActiveCfg = Debug|Any CPU
		{EBEE5FBD-9D00-4E92-9A40-9448EC65EEFD}.Debug|Any CPU.Build.0 = Debug|Any CPU
		{EBEE5FBD-9D00-4E92-9A40-9448EC65EEFD}.Release|Any CPU.ActiveCfg = Release|Any CPU
		{EBEE5FBD-9D00-4E92-9A40-9448EC65EEFD}.Release|Any CPU.Build.0 = Release|Any CPU
	EndGlobalSection
	GlobalSection(SolutionProperties) = preSolution
		HideSolutionNode = FALSE
	EndGlobalSection
	GlobalSection(ExtensibilityGlobals) = postSolution
		SolutionGuid = {CF26E45A-0477-406C-8430-D5D1C4DB0F4C}
	EndGlobalSection
EndGlobal
